{
  "name": "battle-ia.fr",
  "version": "1.0.0",
  "lockfileVersion": 2,
  "requires": true,
  "packages": {
    "": {
      "version": "1.0.0",
      "license": "ISC",
      "dependencies": {
        "normalize.css": "^8.0.1",
        "three": "^0.122.0"
      }
    },
    "node_modules/normalize.css": {
      "version": "8.0.1",
      "resolved": "https://registry.npmjs.org/normalize.css/-/normalize.css-8.0.1.tgz",
      "integrity": "sha512-qizSNPO93t1YUuUhP22btGOo3chcvDFqFaj2TRybP0DMxkHOCTYwp3n34fel4a31ORXy4m1Xq0Gyqpb5m33qIg=="
    },
    "node_modules/three": {
      "version": "0.122.0",
      "resolved": "https://registry.npmjs.org/three/-/three-0.122.0.tgz",
      "integrity": "sha512-bgYMo0WdaQhf7DhLE8OSNN/rVFO5J4K1A2VeeKqoV4MjjuHjfCP6xLpg8Xedhns7NlEnN3sZ6VJROq19Qyl6Sg=="
    }
  },
  "dependencies": {
    "normalize.css": {
      "version": "8.0.1",
      "resolved": "https://registry.npmjs.org/normalize.css/-/normalize.css-8.0.1.tgz",
      "integrity": "sha512-qizSNPO93t1YUuUhP22btGOo3chcvDFqFaj2TRybP0DMxkHOCTYwp3n34fel4a31ORXy4m1Xq0Gyqpb5m33qIg=="
    },
    "three": {
      "version": "0.122.0",
      "resolved": "https://registry.npmjs.org/three/-/three-0.122.0.tgz",
      "integrity": "sha512-bgYMo0WdaQhf7DhLE8OSNN/rVFO5J4K1A2VeeKqoV4MjjuHjfCP6xLpg8Xedhns7NlEnN3sZ6VJROq19Qyl6Sg=="
    }
  }
}
